{
  "name": "lib-mock-workbench",
  "version": "2.0.0",
  "lockfileVersion": 3,
  "requires": true,
  "packages": {
    "": {
      "name": "lib-mock-workbench",
      "version": "2.0.0",
      "dependencies": {
        "@pcurich/client-storage": "file:pcurich-client-storage-2.0.0.tgz",
        "@pcurich/http-mock-workbench": "file:pcurich-http-mock-workbench-2.0.0.tgz"
      },
      "peerDependencies": {
        "@angular/common": "^20.0.0",
        "@angular/core": "^20.0.0"
      }
    },
    "node_modules/@angular/common": {
      "version": "20.3.9",
      "resolved": "https://registry.npmjs.org/@angular/common/-/common-20.3.9.tgz",
      "integrity": "sha512-PgKEnv30TxvpfTJ3d4h5LEjUHpKSYcs3Rc4OvK7p5A7waBkXzfqCBmy54nomzfcf4dlEjb6wSoXxlJbR7Y34Iw==",
      "license": "MIT",
      "peer": true,
      "dependencies": {
        "tslib": "^2.3.0"
      },
      "engines": {
        "node": "^20.19.0 || ^22.12.0 || >=24.0.0"
      },
      "peerDependencies": {
        "@angular/core": "20.3.9",
        "rxjs": "^6.5.3 || ^7.4.0"
      }
    },
    "node_modules/@angular/core": {
      "version": "20.3.9",
      "resolved": "https://registry.npmjs.org/@angular/core/-/core-20.3.9.tgz",
      "integrity": "sha512-zZb7wUexBIIUojr1helzXsL25ilAoASm8aPOjBNHPLYr4ndDjMD/wogmH/dA7EzuCdmZf30ZmZZpuX149WdrpA==",
      "license": "MIT",
      "peer": true,
      "dependencies": {
        "tslib": "^2.3.0"
      },
      "engines": {
        "node": "^20.19.0 || ^22.12.0 || >=24.0.0"
      },
      "peerDependencies": {
        "@angular/compiler": "20.3.9",
        "rxjs": "^6.5.3 || ^7.4.0",
        "zone.js": "~0.15.0"
      },
      "peerDependenciesMeta": {
        "@angular/compiler": {
          "optional": true
        },
        "zone.js": {
          "optional": true
        }
      }
    },
    "node_modules/@pcurich/client-storage": {
      "version": "2.0.0",
      "resolved": "file:pcurich-client-storage-2.0.0.tgz",
      "integrity": "sha512-8AJdJp6UDv4LcbHSUqOWT4nU/VJ6EUHnZhnUNvyXvIK5mVpx2NF0JHY5ibdEvF/dXpBOSSRlF3EGSc2BqSQe1g==",
      "license": "ISC"
    },
    "node_modules/@pcurich/http-mock-workbench": {
      "version": "2.0.0",
      "resolved": "file:pcurich-http-mock-workbench-2.0.0.tgz",
      "integrity": "sha512-Qa5cXH2H1zYrLjXGOsTEOsqvOcwImh3sYBtjCLJxKqYybH1o/VsA2O8TMvC2r/ThovKwWP3HcXMRDFixWBIKHQ==",
      "license": "MIT"
    },
    "node_modules/rxjs": {
      "version": "7.8.2",
      "resolved": "https://registry.npmjs.org/rxjs/-/rxjs-7.8.2.tgz",
      "integrity": "sha512-dhKf903U/PQZY6boNNtAGdWbG85WAbjT/1xYoZIC7FAY0yWapOBQVsVrDl58W86//e1VpMNBtRV4MaXfdMySFA==",
      "license": "Apache-2.0",
      "peer": true,
      "dependencies": {
        "tslib": "^2.1.0"
      }
    },
    "node_modules/tslib": {
      "version": "2.8.1",
      "resolved": "https://registry.npmjs.org/tslib/-/tslib-2.8.1.tgz",
      "integrity": "sha512-oJFu94HQb+KVduSUQL7wnpmqnfmLsOA/nAh6b6EH0wCEoK0/mPeXU6c3wKDV83MkOuHPRHtSXKKU99IBazS/2w==",
      "license": "0BSD",
      "peer": true
    }
  }
}
